<?xml version="1.0" encoding="utf-8"?>
<Project ToolsVersion="4.0" xmlns="http://schemas.microsoft.com/developer/msbuild/2003">
  <ItemGroup>
    <Filter Include="源文件">
      <UniqueIdentifier>{4FC737F1-C7A5-4376-A066-2A32D752A2FF}</UniqueIdentifier>
      <Extensions>cpp;c;cc;cxx;def;odl;idl;hpj;bat;asm;asmx</Extensions>
    </Filter>
    <Filter Include="头文件">
      <UniqueIdentifier>{93995380-89BD-4b04-88EB-625FBE52EBFB}</UniqueIdentifier>
      <Extensions>h;hh;hpp;hxx;hm;inl;inc;xsd</Extensions>
    </Filter>
    <Filter Include="资源文件">
      <UniqueIdentifier>{67DA6AB6-F800-4c08-8B7A-83BB121AAD01}</UniqueIdentifier>
      <Extensions>rc;ico;cur;bmp;dlg;rc2;rct;bin;rgs;gif;jpg;jpeg;jpe;resx;tiff;tif;png;wav;mfcribbon-ms</Extensions>
    </Filter>
  </ItemGroup>
  <ItemGroup>
    <ClInclude Include="utils\compare.h">
      <Filter>头文件</Filter>
    </ClInclude>
    <ClInclude Include="utils\MyBitMap.h">
      <Filter>头文件</Filter>
    </ClInclude>
    <ClInclude Include="utils\MyHashMap.h">
      <Filter>头文件</Filter>
    </ClInclude>
    <ClInclude Include="utils\MyLinkList.h">
      <Filter>头文件</Filter>
    </ClInclude>
    <ClInclude Include="utils\pagedef.h">
      <Filter>头文件</Filter>
    </ClInclude>
    <ClInclude Include="bufmanager\BufPageManager.h">
      <Filter>头文件</Filter>
    </ClInclude>
    <ClInclude Include="bufmanager\FindReplace.h">
      <Filter>头文件</Filter>
    </ClInclude>
    <ClInclude Include="fileio\FileManager.h">
      <Filter>头文件</Filter>
    </ClInclude>
    <ClInclude Include="fileio\FileTable.h">
      <Filter>头文件</Filter>
    </ClInclude>
    <ClInclude Include="fileio\unistd.h">
      <Filter>头文件</Filter>
    </ClInclude>
    <ClInclude Include="pf_defines.h">
      <Filter>头文件</Filter>
    </ClInclude>
    <ClInclude Include="RecordManager.h">
      <Filter>头文件</Filter>
    </ClInclude>
    <ClInclude Include="IX_Manager.h">
      <Filter>头文件</Filter>
    </ClInclude>
    <ClInclude Include="sql-parser\src\sqlhelper.h">
      <Filter>头文件</Filter>
    </ClInclude>
    <ClInclude Include="sql-parser\src\SQLParser.h">
      <Filter>头文件</Filter>
    </ClInclude>
    <ClInclude Include="sql-parser\src\SQLParserResult.h">
      <Filter>头文件</Filter>
    </ClInclude>
    <ClInclude Include="sql-parser\src\sql\CreateStatement.h">
      <Filter>头文件</Filter>
    </ClInclude>
    <ClInclude Include="sql-parser\src\sql\DeleteStatement.h">
      <Filter>头文件</Filter>
    </ClInclude>
    <ClInclude Include="sql-parser\src\sql\DropStatement.h">
      <Filter>头文件</Filter>
    </ClInclude>
    <ClInclude Include="sql-parser\src\sql\ExecuteStatement.h">
      <Filter>头文件</Filter>
    </ClInclude>
    <ClInclude Include="sql-parser\src\sql\Expr.h">
      <Filter>头文件</Filter>
    </ClInclude>
    <ClInclude Include="sql-parser\src\sql\ImportStatement.h">
      <Filter>头文件</Filter>
    </ClInclude>
    <ClInclude Include="sql-parser\src\sql\InsertStatement.h">
      <Filter>头文件</Filter>
    </ClInclude>
    <ClInclude Include="sql-parser\src\sql\PrepareStatement.h">
      <Filter>头文件</Filter>
    </ClInclude>
    <ClInclude Include="sql-parser\src\sql\SelectStatement.h">
      <Filter>头文件</Filter>
    </ClInclude>
    <ClInclude Include="sql-parser\src\sql\SingleStatement.h">
      <Filter>头文件</Filter>
    </ClInclude>
    <ClInclude Include="sql-parser\src\sql\SQLStatement.h">
      <Filter>头文件</Filter>
    </ClInclude>
    <ClInclude Include="sql-parser\src\sql\statements.h">
      <Filter>头文件</Filter>
    </ClInclude>
    <ClInclude Include="sql-parser\src\sql\Table.h">
      <Filter>头文件</Filter>
    </ClInclude>
    <ClInclude Include="sql-parser\src\sql\UpdateStatement.h">
      <Filter>头文件</Filter>
    </ClInclude>
    <ClInclude Include="sql-parser\src\parser\bison_parser.h">
      <Filter>头文件</Filter>
    </ClInclude>
    <ClInclude Include="sql-parser\src\parser\flex_lexer.h">
      <Filter>头文件</Filter>
    </ClInclude>
    <ClInclude Include="sql-parser\src\parser\parser_typedef.h">
      <Filter>头文件</Filter>
    </ClInclude>
  </ItemGroup>
  <ItemGroup>
    <ClCompile Include="main.cpp">
      <Filter>源文件</Filter>
    </ClCompile>
    <ClCompile Include="RecordManager.cpp">
      <Filter>源文件</Filter>
    </ClCompile>
    <ClCompile Include="utils\MyBitMap.cpp">
      <Filter>源文件</Filter>
    </ClCompile>
    <ClCompile Include="IX_Manager.cpp">
      <Filter>源文件</Filter>
    </ClCompile>
    <ClCompile Include="sql-parser\src\parser\bison_parser.cpp">
      <Filter>源文件</Filter>
    </ClCompile>
    <ClCompile Include="sql-parser\src\parser\flex_lexer.cpp">
      <Filter>源文件</Filter>
    </ClCompile>
    <ClCompile Include="sql-parser\src\sql\destruct.cpp">
      <Filter>源文件</Filter>
    </ClCompile>
    <ClCompile Include="sql-parser\src\sql\Expr.cpp">
      <Filter>源文件</Filter>
    </ClCompile>
    <ClCompile Include="sql-parser\src\sqlhelper.cpp">
      <Filter>源文件</Filter>
    </ClCompile>
    <ClCompile Include="sql-parser\src\SQLParser.cpp">
      <Filter>源文件</Filter>
    </ClCompile>
    <ClCompile Include="sql-parser\src\SQLParserResult.cpp">
      <Filter>源文件</Filter>
    </ClCompile>
  </ItemGroup>
  <ItemGroup>
    <Text Include="log.txt">
      <Filter>资源文件</Filter>
    </Text>
  </ItemGroup>
  <ItemGroup>
    <None Include="sql-parser\src\parser\flex_lexer.l">
      <Filter>源文件</Filter>
    </None>
    <None Include="sql-parser\src\parser\bison_parser.y">
      <Filter>源文件</Filter>
    </None>
  </ItemGroup>
</Project>